// !$*UTF8*$!
{
	archiveVersion = 1;
	classes = {
	};
	objectVersion = 46;
	objects = {

/* Begin PBXBuildFile section */
		FA0A21351C3B237F0031E1FB /* Interface.storyboard in Resources */ = {isa = PBXBuildFile; fileRef = FA0A21331C3B237F0031E1FB /* Interface.storyboard */; };
		FA0A21371C3B237F0031E1FB /* Assets.xcassets in Resources */ = {isa = PBXBuildFile; fileRef = FA0A21361C3B237F0031E1FB /* Assets.xcassets */; };
		FA0A213E1C3B237F0031E1FB /* RepositoryBrowserWatch Extension.appex in Embed App Extensions */ = {isa = PBXBuildFile; fileRef = FA0A213D1C3B237F0031E1FB /* RepositoryBrowserWatch Extension.appex */; settings = {ATTRIBUTES = (RemoveHeadersOnCopy, ); }; };
		FA0A21431C3B237F0031E1FB /* InterfaceController.swift in Sources */ = {isa = PBXBuildFile; fileRef = FA0A21421C3B237F0031E1FB /* InterfaceController.swift */; };
		FA0A21451C3B237F0031E1FB /* ExtensionDelegate.swift in Sources */ = {isa = PBXBuildFile; fileRef = FA0A21441C3B237F0031E1FB /* ExtensionDelegate.swift */; };
		FA0A21471C3B237F0031E1FB /* Assets.xcassets in Resources */ = {isa = PBXBuildFile; fileRef = FA0A21461C3B237F0031E1FB /* Assets.xcassets */; };
		FA0A214B1C3B237F0031E1FB /* RepositoryBrowserWatch.app in Embed Watch Content */ = {isa = PBXBuildFile; fileRef = FA0A21311C3B237F0031E1FB /* RepositoryBrowserWatch.app */; };
		FA0A21581C3B25F30031E1FB /* GitHubAPI.swift in Sources */ = {isa = PBXBuildFile; fileRef = FA3147B219F46DEB00699223 /* GitHubAPI.swift */; };
		FA0A21591C3B25F30031E1FB /* NSURLExtensions.swift in Sources */ = {isa = PBXBuildFile; fileRef = FAAFE04219F454EF0049E72F /* NSURLExtensions.swift */; };
		FA0A215A1C3B25F30031E1FB /* Threads.swift in Sources */ = {isa = PBXBuildFile; fileRef = FAAFE03719F44DF80049E72F /* Threads.swift */; };
		FA0A215B1C3B25F30031E1FB /* URITemplate.swift in Sources */ = {isa = PBXBuildFile; fileRef = FAAFE03119F3E7FD0049E72F /* URITemplate.swift */; };
		FA0A21611C3B326B0031E1FB /* RepositoryListController.swift in Sources */ = {isa = PBXBuildFile; fileRef = FA0A21601C3B326B0031E1FB /* RepositoryListController.swift */; };
		FA3147B319F46DEB00699223 /* GitHubAPI.swift in Sources */ = {isa = PBXBuildFile; fileRef = FA3147B219F46DEB00699223 /* GitHubAPI.swift */; };
		FA3147B419F46DEB00699223 /* GitHubAPI.swift in Sources */ = {isa = PBXBuildFile; fileRef = FA3147B219F46DEB00699223 /* GitHubAPI.swift */; };
		FA3147B719F46E1D00699223 /* GitHubAPITests.swift in Sources */ = {isa = PBXBuildFile; fileRef = FA3147B519F46E1D00699223 /* GitHubAPITests.swift */; };
		FA3147BA19F4705100699223 /* api in Resources */ = {isa = PBXBuildFile; fileRef = FA3147B819F4705100699223 /* api */; };
		FAAFE01019F3E4160049E72F /* AppDelegate.swift in Sources */ = {isa = PBXBuildFile; fileRef = FAAFE00F19F3E4160049E72F /* AppDelegate.swift */; };
		FAAFE01219F3E4160049E72F /* MasterViewController.swift in Sources */ = {isa = PBXBuildFile; fileRef = FAAFE01119F3E4160049E72F /* MasterViewController.swift */; };
		FAAFE01419F3E4160049E72F /* DetailViewController.swift in Sources */ = {isa = PBXBuildFile; fileRef = FAAFE01319F3E4160049E72F /* DetailViewController.swift */; };
		FAAFE01719F3E4160049E72F /* Main.storyboard in Resources */ = {isa = PBXBuildFile; fileRef = FAAFE01519F3E4160049E72F /* Main.storyboard */; };
		FAAFE01919F3E4160049E72F /* Images.xcassets in Resources */ = {isa = PBXBuildFile; fileRef = FAAFE01819F3E4160049E72F /* Images.xcassets */; };
		FAAFE01C19F3E4160049E72F /* LaunchScreen.xib in Resources */ = {isa = PBXBuildFile; fileRef = FAAFE01A19F3E4160049E72F /* LaunchScreen.xib */; };
		FAAFE02819F3E4160049E72F /* RepositoryBrowserTests.swift in Sources */ = {isa = PBXBuildFile; fileRef = FAAFE02719F3E4160049E72F /* RepositoryBrowserTests.swift */; };
		FAAFE03319F3E8070049E72F /* URITemplate.swift in Sources */ = {isa = PBXBuildFile; fileRef = FAAFE03119F3E7FD0049E72F /* URITemplate.swift */; };
		FAAFE03419F3E8080049E72F /* URITemplate.swift in Sources */ = {isa = PBXBuildFile; fileRef = FAAFE03119F3E7FD0049E72F /* URITemplate.swift */; };
		FAAFE03619F3EB380049E72F /* URITemplateTests.swift in Sources */ = {isa = PBXBuildFile; fileRef = FAAFE03519F3EB380049E72F /* URITemplateTests.swift */; };
		FAAFE03819F44DF80049E72F /* Threads.swift in Sources */ = {isa = PBXBuildFile; fileRef = FAAFE03719F44DF80049E72F /* Threads.swift */; };
		FAAFE03919F44DF80049E72F /* Threads.swift in Sources */ = {isa = PBXBuildFile; fileRef = FAAFE03719F44DF80049E72F /* Threads.swift */; };
		FAAFE03C19F44E370049E72F /* ThreadsTest.swift in Sources */ = {isa = PBXBuildFile; fileRef = FAAFE03A19F44E370049E72F /* ThreadsTest.swift */; };
		FAAFE04319F454EF0049E72F /* NSURLExtensions.swift in Sources */ = {isa = PBXBuildFile; fileRef = FAAFE04219F454EF0049E72F /* NSURLExtensions.swift */; };
		FAAFE04419F454EF0049E72F /* NSURLExtensions.swift in Sources */ = {isa = PBXBuildFile; fileRef = FAAFE04219F454EF0049E72F /* NSURLExtensions.swift */; };
		FAAFE04619F455030049E72F /* NSURLExtensionsTest.swift in Sources */ = {isa = PBXBuildFile; fileRef = FAAFE04519F455030049E72F /* NSURLExtensionsTest.swift */; };
/* End PBXBuildFile section */

/* Begin PBXContainerItemProxy section */
		FA0A213F1C3B237F0031E1FB /* PBXContainerItemProxy */ = {
			isa = PBXContainerItemProxy;
			containerPortal = FAAFE00219F3E4150049E72F /* Project object */;
			proxyType = 1;
			remoteGlobalIDString = FA0A213C1C3B237F0031E1FB;
			remoteInfo = "RepositoryBrowserWatch Extension";
		};
		FA0A21491C3B237F0031E1FB /* PBXContainerItemProxy */ = {
			isa = PBXContainerItemProxy;
			containerPortal = FAAFE00219F3E4150049E72F /* Project object */;
			proxyType = 1;
			remoteGlobalIDString = FA0A21301C3B237F0031E1FB;
			remoteInfo = RepositoryBrowserWatch;
		};
		FAAFE02219F3E4160049E72F /* PBXContainerItemProxy */ = {
			isa = PBXContainerItemProxy;
			containerPortal = FAAFE00219F3E4150049E72F /* Project object */;
			proxyType = 1;
			remoteGlobalIDString = FAAFE00919F3E4150049E72F;
			remoteInfo = RepositoryBrowser;
		};
/* End PBXContainerItemProxy section */

/* Begin PBXCopyFilesBuildPhase section */
		FA0A21511C3B237F0031E1FB /* Embed App Extensions */ = {
			isa = PBXCopyFilesBuildPhase;
			buildActionMask = 2147483647;
			dstPath = "";
			dstSubfolderSpec = 13;
			files = (
				FA0A213E1C3B237F0031E1FB /* RepositoryBrowserWatch Extension.appex in Embed App Extensions */,
			);
			name = "Embed App Extensions";
			runOnlyForDeploymentPostprocessing = 0;
		};
		FA0A21531C3B237F0031E1FB /* Embed Watch Content */ = {
			isa = PBXCopyFilesBuildPhase;
			buildActionMask = 2147483647;
			dstPath = "$(CONTENTS_FOLDER_PATH)/Watch";
			dstSubfolderSpec = 16;
			files = (
				FA0A214B1C3B237F0031E1FB /* RepositoryBrowserWatch.app in Embed Watch Content */,
			);
			name = "Embed Watch Content";
			runOnlyForDeploymentPostprocessing = 0;
		};
/* End PBXCopyFilesBuildPhase section */

/* Begin PBXFileReference section */
		FA0A21311C3B237F0031E1FB /* RepositoryBrowserWatch.app */ = {isa = PBXFileReference; explicitFileType = wrapper.application; includeInIndex = 0; path = RepositoryBrowserWatch.app; sourceTree = BUILT_PRODUCTS_DIR; };
		FA0A21341C3B237F0031E1FB /* Base */ = {isa = PBXFileReference; lastKnownFileType = file.storyboard; name = Base; path = Base.lproj/Interface.storyboard; sourceTree = "<group>"; };
		FA0A21361C3B237F0031E1FB /* Assets.xcassets */ = {isa = PBXFileReference; lastKnownFileType = folder.assetcatalog; path = Assets.xcassets; sourceTree = "<group>"; };
		FA0A21381C3B237F0031E1FB /* Info.plist */ = {isa = PBXFileReference; lastKnownFileType = text.plist.xml; path = Info.plist; sourceTree = "<group>"; };
		FA0A213D1C3B237F0031E1FB /* RepositoryBrowserWatch Extension.appex */ = {isa = PBXFileReference; explicitFileType = "wrapper.app-extension"; includeInIndex = 0; path = "RepositoryBrowserWatch Extension.appex"; sourceTree = BUILT_PRODUCTS_DIR; };
		FA0A21421C3B237F0031E1FB /* InterfaceController.swift */ = {isa = PBXFileReference; lastKnownFileType = sourcecode.swift; path = InterfaceController.swift; sourceTree = "<group>"; };
		FA0A21441C3B237F0031E1FB /* ExtensionDelegate.swift */ = {isa = PBXFileReference; lastKnownFileType = sourcecode.swift; path = ExtensionDelegate.swift; sourceTree = "<group>"; };
		FA0A21461C3B237F0031E1FB /* Assets.xcassets */ = {isa = PBXFileReference; lastKnownFileType = folder.assetcatalog; path = Assets.xcassets; sourceTree = "<group>"; };
		FA0A21481C3B237F0031E1FB /* Info.plist */ = {isa = PBXFileReference; lastKnownFileType = text.plist.xml; path = Info.plist; sourceTree = "<group>"; };
		FA0A21601C3B326B0031E1FB /* RepositoryListController.swift */ = {isa = PBXFileReference; fileEncoding = 4; lastKnownFileType = sourcecode.swift; path = RepositoryListController.swift; sourceTree = "<group>"; };
		FA3147B219F46DEB00699223 /* GitHubAPI.swift */ = {isa = PBXFileReference; fileEncoding = 4; lastKnownFileType = sourcecode.swift; path = GitHubAPI.swift; sourceTree = "<group>"; };
		FA3147B519F46E1D00699223 /* GitHubAPITests.swift */ = {isa = PBXFileReference; fileEncoding = 4; lastKnownFileType = sourcecode.swift; path = GitHubAPITests.swift; sourceTree = "<group>"; };
		FA3147B819F4705100699223 /* api */ = {isa = PBXFileReference; lastKnownFileType = folder; path = api; sourceTree = "<group>"; };
		FAAFE00A19F3E4160049E72F /* RepositoryBrowser.app */ = {isa = PBXFileReference; explicitFileType = wrapper.application; includeInIndex = 0; path = RepositoryBrowser.app; sourceTree = BUILT_PRODUCTS_DIR; };
		FAAFE00E19F3E4160049E72F /* Info.plist */ = {isa = PBXFileReference; lastKnownFileType = text.plist.xml; path = Info.plist; sourceTree = "<group>"; };
		FAAFE00F19F3E4160049E72F /* AppDelegate.swift */ = {isa = PBXFileReference; lastKnownFileType = sourcecode.swift; path = AppDelegate.swift; sourceTree = "<group>"; };
		FAAFE01119F3E4160049E72F /* MasterViewController.swift */ = {isa = PBXFileReference; lastKnownFileType = sourcecode.swift; path = MasterViewController.swift; sourceTree = "<group>"; };
		FAAFE01319F3E4160049E72F /* DetailViewController.swift */ = {isa = PBXFileReference; lastKnownFileType = sourcecode.swift; path = DetailViewController.swift; sourceTree = "<group>"; };
		FAAFE01619F3E4160049E72F /* Base */ = {isa = PBXFileReference; lastKnownFileType = file.storyboard; name = Base; path = Base.lproj/Main.storyboard; sourceTree = "<group>"; };
		FAAFE01819F3E4160049E72F /* Images.xcassets */ = {isa = PBXFileReference; lastKnownFileType = folder.assetcatalog; path = Images.xcassets; sourceTree = "<group>"; };
		FAAFE01B19F3E4160049E72F /* Base */ = {isa = PBXFileReference; lastKnownFileType = file.xib; name = Base; path = Base.lproj/LaunchScreen.xib; sourceTree = "<group>"; };
		FAAFE02119F3E4160049E72F /* RepositoryBrowserTests.xctest */ = {isa = PBXFileReference; explicitFileType = wrapper.cfbundle; includeInIndex = 0; path = RepositoryBrowserTests.xctest; sourceTree = BUILT_PRODUCTS_DIR; };
		FAAFE02619F3E4160049E72F /* Info.plist */ = {isa = PBXFileReference; lastKnownFileType = text.plist.xml; path = Info.plist; sourceTree = "<group>"; };
		FAAFE02719F3E4160049E72F /* RepositoryBrowserTests.swift */ = {isa = PBXFileReference; lastKnownFileType = sourcecode.swift; path = RepositoryBrowserTests.swift; sourceTree = "<group>"; };
		FAAFE03119F3E7FD0049E72F /* URITemplate.swift */ = {isa = PBXFileReference; fileEncoding = 4; lastKnownFileType = sourcecode.swift; path = URITemplate.swift; sourceTree = "<group>"; };
		FAAFE03519F3EB380049E72F /* URITemplateTests.swift */ = {isa = PBXFileReference; fileEncoding = 4; lastKnownFileType = sourcecode.swift; path = URITemplateTests.swift; sourceTree = "<group>"; };
		FAAFE03719F44DF80049E72F /* Threads.swift */ = {isa = PBXFileReference; fileEncoding = 4; lastKnownFileType = sourcecode.swift; path = Threads.swift; sourceTree = "<group>"; };
		FAAFE03A19F44E370049E72F /* ThreadsTest.swift */ = {isa = PBXFileReference; fileEncoding = 4; lastKnownFileType = sourcecode.swift; path = ThreadsTest.swift; sourceTree = "<group>"; };
		FAAFE04219F454EF0049E72F /* NSURLExtensions.swift */ = {isa = PBXFileReference; fileEncoding = 4; lastKnownFileType = sourcecode.swift; path = NSURLExtensions.swift; sourceTree = "<group>"; };
		FAAFE04519F455030049E72F /* NSURLExtensionsTest.swift */ = {isa = PBXFileReference; fileEncoding = 4; lastKnownFileType = sourcecode.swift; name = NSURLExtensionsTest.swift; path = RepositoryBrowserTests/NSURLExtensionsTest.swift; sourceTree = SOURCE_ROOT; };
/* End PBXFileReference section */

/* Begin PBXFrameworksBuildPhase section */
		FA0A213A1C3B237F0031E1FB /* Frameworks */ = {
			isa = PBXFrameworksBuildPhase;
			buildActionMask = 2147483647;
			files = (
			);
			runOnlyForDeploymentPostprocessing = 0;
		};
		FAAFE00719F3E4150049E72F /* Frameworks */ = {
			isa = PBXFrameworksBuildPhase;
			buildActionMask = 2147483647;
			files = (
			);
			runOnlyForDeploymentPostprocessing = 0;
		};
		FAAFE01E19F3E4160049E72F /* Frameworks */ = {
			isa = PBXFrameworksBuildPhase;
			buildActionMask = 2147483647;
			files = (
			);
			runOnlyForDeploymentPostprocessing = 0;
		};
/* End PBXFrameworksBuildPhase section */

/* Begin PBXGroup section */
		FA0A21321C3B237F0031E1FB /* RepositoryBrowserWatch */ = {
			isa = PBXGroup;
			children = (
				FA0A21331C3B237F0031E1FB /* Interface.storyboard */,
				FA0A21361C3B237F0031E1FB /* Assets.xcassets */,
				FA0A21381C3B237F0031E1FB /* Info.plist */,
			);
			path = RepositoryBrowserWatch;
			sourceTree = "<group>";
		};
		FA0A21411C3B237F0031E1FB /* RepositoryBrowserWatch Extension */ = {
			isa = PBXGroup;
			children = (
				FA0A21421C3B237F0031E1FB /* InterfaceController.swift */,
				FA0A21441C3B237F0031E1FB /* ExtensionDelegate.swift */,
				FA0A21461C3B237F0031E1FB /* Assets.xcassets */,
				FA0A21481C3B237F0031E1FB /* Info.plist */,
				FA0A21601C3B326B0031E1FB /* RepositoryListController.swift */,
			);
			path = "RepositoryBrowserWatch Extension";
			sourceTree = "<group>";
		};
		FAAFE00119F3E4150049E72F = {
			isa = PBXGroup;
			children = (
				FA3147B819F4705100699223 /* api */,
				FAAFE00C19F3E4160049E72F /* RepositoryBrowser */,
				FAAFE02419F3E4160049E72F /* RepositoryBrowserTests */,
				FA0A21321C3B237F0031E1FB /* RepositoryBrowserWatch */,
				FA0A21411C3B237F0031E1FB /* RepositoryBrowserWatch Extension */,
				FAAFE00B19F3E4160049E72F /* Products */,
			);
			sourceTree = "<group>";
		};
		FAAFE00B19F3E4160049E72F /* Products */ = {
			isa = PBXGroup;
			children = (
				FAAFE00A19F3E4160049E72F /* RepositoryBrowser.app */,
				FAAFE02119F3E4160049E72F /* RepositoryBrowserTests.xctest */,
				FA0A21311C3B237F0031E1FB /* RepositoryBrowserWatch.app */,
				FA0A213D1C3B237F0031E1FB /* RepositoryBrowserWatch Extension.appex */,
			);
			name = Products;
			sourceTree = "<group>";
		};
		FAAFE00C19F3E4160049E72F /* RepositoryBrowser */ = {
			isa = PBXGroup;
			children = (
				FAAFE00F19F3E4160049E72F /* AppDelegate.swift */,
				FAAFE01319F3E4160049E72F /* DetailViewController.swift */,
				FA3147B219F46DEB00699223 /* GitHubAPI.swift */,
				FAAFE01819F3E4160049E72F /* Images.xcassets */,
				FAAFE01A19F3E4160049E72F /* LaunchScreen.xib */,
				FAAFE01519F3E4160049E72F /* Main.storyboard */,
				FAAFE01119F3E4160049E72F /* MasterViewController.swift */,
				FAAFE04219F454EF0049E72F /* NSURLExtensions.swift */,
				FAAFE00D19F3E4160049E72F /* Supporting Files */,
				FAAFE03719F44DF80049E72F /* Threads.swift */,
				FAAFE03119F3E7FD0049E72F /* URITemplate.swift */,
			);
			path = RepositoryBrowser;
			sourceTree = "<group>";
		};
		FAAFE00D19F3E4160049E72F /* Supporting Files */ = {
			isa = PBXGroup;
			children = (
				FAAFE00E19F3E4160049E72F /* Info.plist */,
			);
			name = "Supporting Files";
			sourceTree = "<group>";
		};
		FAAFE02419F3E4160049E72F /* RepositoryBrowserTests */ = {
			isa = PBXGroup;
			children = (
				FA3147B519F46E1D00699223 /* GitHubAPITests.swift */,
				FAAFE04519F455030049E72F /* NSURLExtensionsTest.swift */,
				FAAFE02719F3E4160049E72F /* RepositoryBrowserTests.swift */,
				FAAFE02519F3E4160049E72F /* Supporting Files */,
				FAAFE03A19F44E370049E72F /* ThreadsTest.swift */,
				FAAFE03519F3EB380049E72F /* URITemplateTests.swift */,
			);
			path = RepositoryBrowserTests;
			sourceTree = "<group>";
		};
		FAAFE02519F3E4160049E72F /* Supporting Files */ = {
			isa = PBXGroup;
			children = (
				FAAFE02619F3E4160049E72F /* Info.plist */,
			);
			name = "Supporting Files";
			sourceTree = "<group>";
		};
/* End PBXGroup section */

/* Begin PBXNativeTarget section */
		FA0A21301C3B237F0031E1FB /* RepositoryBrowserWatch */ = {
			isa = PBXNativeTarget;
			buildConfigurationList = FA0A21521C3B237F0031E1FB /* Build configuration list for PBXNativeTarget "RepositoryBrowserWatch" */;
			buildPhases = (
				FA0A212F1C3B237F0031E1FB /* Resources */,
				FA0A21511C3B237F0031E1FB /* Embed App Extensions */,
			);
			buildRules = (
			);
			dependencies = (
				FA0A21401C3B237F0031E1FB /* PBXTargetDependency */,
			);
			name = RepositoryBrowserWatch;
			productName = RepositoryBrowserWatch;
			productReference = FA0A21311C3B237F0031E1FB /* RepositoryBrowserWatch.app */;
			productType = "com.apple.product-type.application.watchapp2";
		};
		FA0A213C1C3B237F0031E1FB /* RepositoryBrowserWatch Extension */ = {
			isa = PBXNativeTarget;
			buildConfigurationList = FA0A21501C3B237F0031E1FB /* Build configuration list for PBXNativeTarget "RepositoryBrowserWatch Extension" */;
			buildPhases = (
				FA0A21391C3B237F0031E1FB /* Sources */,
				FA0A213A1C3B237F0031E1FB /* Frameworks */,
				FA0A213B1C3B237F0031E1FB /* Resources */,
			);
			buildRules = (
			);
			dependencies = (
			);
			name = "RepositoryBrowserWatch Extension";
			productName = "RepositoryBrowserWatch Extension";
			productReference = FA0A213D1C3B237F0031E1FB /* RepositoryBrowserWatch Extension.appex */;
			productType = "com.apple.product-type.watchkit2-extension";
		};
		FAAFE00919F3E4150049E72F /* RepositoryBrowser */ = {
			isa = PBXNativeTarget;
			buildConfigurationList = FAAFE02B19F3E4160049E72F /* Build configuration list for PBXNativeTarget "RepositoryBrowser" */;
			buildPhases = (
				FAAFE00619F3E4150049E72F /* Sources */,
				FAAFE00719F3E4150049E72F /* Frameworks */,
				FAAFE00819F3E4150049E72F /* Resources */,
				FA0A21531C3B237F0031E1FB /* Embed Watch Content */,
			);
			buildRules = (
			);
			dependencies = (
				FA0A214A1C3B237F0031E1FB /* PBXTargetDependency */,
			);
			name = RepositoryBrowser;
			productName = RepositoryBrowser;
			productReference = FAAFE00A19F3E4160049E72F /* RepositoryBrowser.app */;
			productType = "com.apple.product-type.application";
		};
		FAAFE02019F3E4160049E72F /* RepositoryBrowserTests */ = {
			isa = PBXNativeTarget;
			buildConfigurationList = FAAFE02E19F3E4160049E72F /* Build configuration list for PBXNativeTarget "RepositoryBrowserTests" */;
			buildPhases = (
				FAAFE01D19F3E4160049E72F /* Sources */,
				FAAFE01E19F3E4160049E72F /* Frameworks */,
				FAAFE01F19F3E4160049E72F /* Resources */,
			);
			buildRules = (
			);
			dependencies = (
				FAAFE02319F3E4160049E72F /* PBXTargetDependency */,
			);
			name = RepositoryBrowserTests;
			productName = RepositoryBrowserTests;
			productReference = FAAFE02119F3E4160049E72F /* RepositoryBrowserTests.xctest */;
			productType = "com.apple.product-type.bundle.unit-test";
		};
/* End PBXNativeTarget section */

/* Begin PBXProject section */
		FAAFE00219F3E4150049E72F /* Project object */ = {
			isa = PBXProject;
			attributes = {
				LastSwiftMigration = 0720;
				LastSwiftUpdateCheck = 0720;
				LastUpgradeCheck = 0720;
				ORGANIZATIONNAME = "Alex Blewitt";
				TargetAttributes = {
					FA0A21301C3B237F0031E1FB = {
						CreatedOnToolsVersion = 7.2;
					};
					FA0A213C1C3B237F0031E1FB = {
						CreatedOnToolsVersion = 7.2;
					};
					FAAFE00919F3E4150049E72F = {
						CreatedOnToolsVersion = 6.0.1;
					};
					FAAFE02019F3E4160049E72F = {
						CreatedOnToolsVersion = 6.0.1;
						TestTargetID = FAAFE00919F3E4150049E72F;
					};
				};
			};
			buildConfigurationList = FAAFE00519F3E4150049E72F /* Build configuration list for PBXProject "RepositoryBrowser" */;
			compatibilityVersion = "Xcode 3.2";
			developmentRegion = English;
			hasScannedForEncodings = 0;
			knownRegions = (
				en,
				Base,
			);
			mainGroup = FAAFE00119F3E4150049E72F;
			productRefGroup = FAAFE00B19F3E4160049E72F /* Products */;
			projectDirPath = "";
			projectRoot = "";
			targets = (
				FAAFE00919F3E4150049E72F /* RepositoryBrowser */,
				FAAFE02019F3E4160049E72F /* RepositoryBrowserTests */,
				FA0A21301C3B237F0031E1FB /* RepositoryBrowserWatch */,
				FA0A213C1C3B237F0031E1FB /* RepositoryBrowserWatch Extension */,
			);
		};
/* End PBXProject section */

/* Begin PBXResourcesBuildPhase section */
		FA0A212F1C3B237F0031E1FB /* Resources */ = {
			isa = PBXResourcesBuildPhase;
			buildActionMask = 2147483647;
			files = (
				FA0A21371C3B237F0031E1FB /* Assets.xcassets in Resources */,
				FA0A21351C3B237F0031E1FB /* Interface.storyboard in Resources */,
			);
			runOnlyForDeploymentPostprocessing = 0;
		};
		FA0A213B1C3B237F0031E1FB /* Resources */ = {
			isa = PBXResourcesBuildPhase;
			buildActionMask = 2147483647;
			files = (
				FA0A21471C3B237F0031E1FB /* Assets.xcassets in Resources */,
			);
			runOnlyForDeploymentPostprocessing = 0;
		};
		FAAFE00819F3E4150049E72F /* Resources */ = {
			isa = PBXResourcesBuildPhase;
			buildActionMask = 2147483647;
			files = (
				FAAFE01719F3E4160049E72F /* Main.storyboard in Resources */,
				FAAFE01C19F3E4160049E72F /* LaunchScreen.xib in Resources */,
				FAAFE01919F3E4160049E72F /* Images.xcassets in Resources */,
			);
			runOnlyForDeploymentPostprocessing = 0;
		};
		FAAFE01F19F3E4160049E72F /* Resources */ = {
			isa = PBXResourcesBuildPhase;
			buildActionMask = 2147483647;
			files = (
				FA3147BA19F4705100699223 /* api in Resources */,
			);
			runOnlyForDeploymentPostprocessing = 0;
		};
/* End PBXResourcesBuildPhase section */

/* Begin PBXSourcesBuildPhase section */
		FA0A21391C3B237F0031E1FB /* Sources */ = {
			isa = PBXSourcesBuildPhase;
			buildActionMask = 2147483647;
			files = (
				FA0A215B1C3B25F30031E1FB /* URITemplate.swift in Sources */,
				FA0A21591C3B25F30031E1FB /* NSURLExtensions.swift in Sources */,
				FA0A21451C3B237F0031E1FB /* ExtensionDelegate.swift in Sources */,
				FA0A215A1C3B25F30031E1FB /* Threads.swift in Sources */,
				FA0A21581C3B25F30031E1FB /* GitHubAPI.swift in Sources */,
				FA0A21431C3B237F0031E1FB /* InterfaceController.swift in Sources */,
				FA0A21611C3B326B0031E1FB /* RepositoryListController.swift in Sources */,
			);
			runOnlyForDeploymentPostprocessing = 0;
		};
		FAAFE00619F3E4150049E72F /* Sources */ = {
			isa = PBXSourcesBuildPhase;
			buildActionMask = 2147483647;
			files = (
				FAAFE04319F454EF0049E72F /* NSURLExtensions.swift in Sources */,
				FAAFE03319F3E8070049E72F /* URITemplate.swift in Sources */,
				FAAFE01419F3E4160049E72F /* DetailViewController.swift in Sources */,
				FAAFE03819F44DF80049E72F /* Threads.swift in Sources */,
				FAAFE01219F3E4160049E72F /* MasterViewController.swift in Sources */,
				FA3147B319F46DEB00699223 /* GitHubAPI.swift in Sources */,
				FAAFE01019F3E4160049E72F /* AppDelegate.swift in Sources */,
			);
			runOnlyForDeploymentPostprocessing = 0;
		};
		FAAFE01D19F3E4160049E72F /* Sources */ = {
			isa = PBXSourcesBuildPhase;
			buildActionMask = 2147483647;
			files = (
				FAAFE04419F454EF0049E72F /* NSURLExtensions.swift in Sources */,
				FAAFE03619F3EB380049E72F /* URITemplateTests.swift in Sources */,
				FAAFE03419F3E8080049E72F /* URITemplate.swift in Sources */,
				FAAFE02819F3E4160049E72F /* RepositoryBrowserTests.swift in Sources */,
				FAAFE04619F455030049E72F /* NSURLExtensionsTest.swift in Sources */,
				FAAFE03919F44DF80049E72F /* Threads.swift in Sources */,
				FA3147B719F46E1D00699223 /* GitHubAPITests.swift in Sources */,
				FAAFE03C19F44E370049E72F /* ThreadsTest.swift in Sources */,
				FA3147B419F46DEB00699223 /* GitHubAPI.swift in Sources */,
			);
			runOnlyForDeploymentPostprocessing = 0;
		};
/* End PBXSourcesBuildPhase section */

/* Begin PBXTargetDependency section */
		FA0A21401C3B237F0031E1FB /* PBXTargetDependency */ = {
			isa = PBXTargetDependency;
			target = FA0A213C1C3B237F0031E1FB /* RepositoryBrowserWatch Extension */;
			targetProxy = FA0A213F1C3B237F0031E1FB /* PBXContainerItemProxy */;
		};
		FA0A214A1C3B237F0031E1FB /* PBXTargetDependency */ = {
			isa = PBXTargetDependency;
			target = FA0A21301C3B237F0031E1FB /* RepositoryBrowserWatch */;
			targetProxy = FA0A21491C3B237F0031E1FB /* PBXContainerItemProxy */;
		};
		FAAFE02319F3E4160049E72F /* PBXTargetDependency */ = {
			isa = PBXTargetDependency;
			target = FAAFE00919F3E4150049E72F /* RepositoryBrowser */;
			targetProxy = FAAFE02219F3E4160049E72F /* PBXContainerItemProxy */;
		};
/* End PBXTargetDependency section */

/* Begin PBXVariantGroup section */
		FA0A21331C3B237F0031E1FB /* Interface.storyboard */ = {
			isa = PBXVariantGroup;
			children = (
				FA0A21341C3B237F0031E1FB /* Base */,
			);
			name = Interface.storyboard;
			sourceTree = "<group>";
		};
		FAAFE01519F3E4160049E72F /* Main.storyboard */ = {
			isa = PBXVariantGroup;
			children = (
				FAAFE01619F3E4160049E72F /* Base */,
			);
			name = Main.storyboard;
			sourceTree = "<group>";
		};
		FAAFE01A19F3E4160049E72F /* LaunchScreen.xib */ = {
			isa = PBXVariantGroup;
			children = (
				FAAFE01B19F3E4160049E72F /* Base */,
			);
			name = LaunchScreen.xib;
			sourceTree = "<group>";
		};
/* End PBXVariantGroup section */

/* Begin XCBuildConfiguration section */
		FA0A214C1C3B237F0031E1FB /* Debug */ = {
			isa = XCBuildConfiguration;
			buildSettings = {
				ASSETCATALOG_COMPILER_APPICON_NAME = AppIcon;
				DEBUG_INFORMATION_FORMAT = dwarf;
				EMBEDDED_CONTENT_CONTAINS_SWIFT = YES;
				GCC_NO_COMMON_BLOCKS = YES;
				IBSC_MODULE = RepositoryBrowserWatch_Extension;
				INFOPLIST_FILE = RepositoryBrowserWatch/Info.plist;
				PRODUCT_BUNDLE_IDENTIFIER = com.packtpub.swift.essentials.RepositoryBrowser.watchkitapp;
				PRODUCT_NAME = "$(TARGET_NAME)";
				SDKROOT = watchos;
				SKIP_INSTALL = YES;
				TARGETED_DEVICE_FAMILY = 4;
				WATCHOS_DEPLOYMENT_TARGET = 2.1;
			};
			name = Debug;
		};
		FA0A214D1C3B237F0031E1FB /* Release */ = {
			isa = XCBuildConfiguration;
			buildSettings = {
				ASSETCATALOG_COMPILER_APPICON_NAME = AppIcon;
				COPY_PHASE_STRIP = NO;
				DEBUG_INFORMATION_FORMAT = "dwarf-with-dsym";
				EMBEDDED_CONTENT_CONTAINS_SWIFT = YES;
				GCC_NO_COMMON_BLOCKS = YES;
				IBSC_MODULE = RepositoryBrowserWatch_Extension;
				INFOPLIST_FILE = RepositoryBrowserWatch/Info.plist;
				PRODUCT_BUNDLE_IDENTIFIER = com.packtpub.swift.essentials.RepositoryBrowser.watchkitapp;
				PRODUCT_NAME = "$(TARGET_NAME)";
				SDKROOT = watchos;
				SKIP_INSTALL = YES;
				TARGETED_DEVICE_FAMILY = 4;
				WATCHOS_DEPLOYMENT_TARGET = 2.1;
			};
			name = Release;
		};
		FA0A214E1C3B237F0031E1FB /* Debug */ = {
			isa = XCBuildConfiguration;
			buildSettings = {
				DEBUG_INFORMATION_FORMAT = dwarf;
				GCC_NO_COMMON_BLOCKS = YES;
				INFOPLIST_FILE = "RepositoryBrowserWatch Extension/Info.plist";
				LD_RUNPATH_SEARCH_PATHS = "$(inherited) @executable_path/Frameworks @executable_path/../../Frameworks";
				PRODUCT_BUNDLE_IDENTIFIER = com.packtpub.swift.essentials.RepositoryBrowser.watchkitapp.watchkitextension;
				PRODUCT_NAME = "${TARGET_NAME}";
				SDKROOT = watchos;
				SKIP_INSTALL = YES;
				TARGETED_DEVICE_FAMILY = 4;
				WATCHOS_DEPLOYMENT_TARGET = 2.1;
			};
			name = Debug;
		};
		FA0A214F1C3B237F0031E1FB /* Release */ = {
			isa = XCBuildConfiguration;
			buildSettings = {
				COPY_PHASE_STRIP = NO;
				DEBUG_INFORMATION_FORMAT = "dwarf-with-dsym";
				GCC_NO_COMMON_BLOCKS = YES;
				INFOPLIST_FILE = "RepositoryBrowserWatch Extension/Info.plist";
				LD_RUNPATH_SEARCH_PATHS = "$(inherited) @executable_path/Frameworks @executable_path/../../Frameworks";
				PRODUCT_BUNDLE_IDENTIFIER = com.packtpub.swift.essentials.RepositoryBrowser.watchkitapp.watchkitextension;
				PRODUCT_NAME = "${TARGET_NAME}";
				SDKROOT = watchos;
				SKIP_INSTALL = YES;
				TARGETED_DEVICE_FAMILY = 4;
				WATCHOS_DEPLOYMENT_TARGET = 2.1;
			};
			name = Release;
		};
		FAAFE02919F3E4160049E72F /* Debug */ = {
			isa = XCBuildConfiguration;
			buildSettings = {
				ALWAYS_SEARCH_USER_PATHS = NO;
				CLANG_CXX_LANGUAGE_STANDARD = "gnu++0x";
				CLANG_CXX_LIBRARY = "libc++";
				CLANG_ENABLE_MODULES = YES;
				CLANG_ENABLE_OBJC_ARC = YES;
				CLANG_WARN_BOOL_CONVERSION = YES;
				CLANG_WARN_CONSTANT_CONVERSION = YES;
				CLANG_WARN_DIRECT_OBJC_ISA_USAGE = YES_ERROR;
				CLANG_WARN_EMPTY_BODY = YES;
				CLANG_WARN_ENUM_CONVERSION = YES;
				CLANG_WARN_INT_CONVERSION = YES;
				CLANG_WARN_OBJC_ROOT_CLASS = YES_ERROR;
				CLANG_WARN_UNREACHABLE_CODE = YES;
				CLANG_WARN__DUPLICATE_METHOD_MATCH = YES;
				"CODE_SIGN_IDENTITY[sdk=iphoneos*]" = "iPhone Developer";
				COPY_PHASE_STRIP = NO;
				ENABLE_STRICT_OBJC_MSGSEND = YES;
				ENABLE_TESTABILITY = YES;
				GCC_C_LANGUAGE_STANDARD = gnu99;
				GCC_DYNAMIC_NO_PIC = NO;
				GCC_OPTIMIZATION_LEVEL = 0;
				GCC_PREPROCESSOR_DEFINITIONS = (
					"DEBUG=1",
					"$(inherited)",
				);
				GCC_SYMBOLS_PRIVATE_EXTERN = NO;
				GCC_WARN_64_TO_32_BIT_CONVERSION = YES;
				GCC_WARN_ABOUT_RETURN_TYPE = YES_ERROR;
				GCC_WARN_UNDECLARED_SELECTOR = YES;
				GCC_WARN_UNINITIALIZED_AUTOS = YES_AGGRESSIVE;
				GCC_WARN_UNUSED_FUNCTION = YES;
				GCC_WARN_UNUSED_VARIABLE = YES;
				IPHONEOS_DEPLOYMENT_TARGET = 9.2;
				MTL_ENABLE_DEBUG_INFO = YES;
				ONLY_ACTIVE_ARCH = YES;
				SDKROOT = iphoneos;
				SWIFT_OPTIMIZATION_LEVEL = "-Onone";
				TARGETED_DEVICE_FAMILY = "1,2";
			};
			name = Debug;
		};
		FAAFE02A19F3E4160049E72F /* Release */ = {
			isa = XCBuildConfiguration;
			buildSettings = {
				ALWAYS_SEARCH_USER_PATHS = NO;
				CLANG_CXX_LANGUAGE_STANDARD = "gnu++0x";
				CLANG_CXX_LIBRARY = "libc++";
				CLANG_ENABLE_MODULES = YES;
				CLANG_ENABLE_OBJC_ARC = YES;
				CLANG_WARN_BOOL_CONVERSION = YES;
				CLANG_WARN_CONSTANT_CONVERSION = YES;
				CLANG_WARN_DIRECT_OBJC_ISA_USAGE = YES_ERROR;
				CLANG_WARN_EMPTY_BODY = YES;
				CLANG_WARN_ENUM_CONVERSION = YES;
				CLANG_WARN_INT_CONVERSION = YES;
				CLANG_WARN_OBJC_ROOT_CLASS = YES_ERROR;
				CLANG_WARN_UNREACHABLE_CODE = YES;
				CLANG_WARN__DUPLICATE_METHOD_MATCH = YES;
				"CODE_SIGN_IDENTITY[sdk=iphoneos*]" = "iPhone Developer";
				COPY_PHASE_STRIP = YES;
				ENABLE_NS_ASSERTIONS = NO;
				ENABLE_STRICT_OBJC_MSGSEND = YES;
				GCC_C_LANGUAGE_STANDARD = gnu99;
				GCC_WARN_64_TO_32_BIT_CONVERSION = YES;
				GCC_WARN_ABOUT_RETURN_TYPE = YES_ERROR;
				GCC_WARN_UNDECLARED_SELECTOR = YES;
				GCC_WARN_UNINITIALIZED_AUTOS = YES_AGGRESSIVE;
				GCC_WARN_UNUSED_FUNCTION = YES;
				GCC_WARN_UNUSED_VARIABLE = YES;
				IPHONEOS_DEPLOYMENT_TARGET = 9.2;
				MTL_ENABLE_DEBUG_INFO = NO;
				SDKROOT = iphoneos;
				TARGETED_DEVICE_FAMILY = "1,2";
				VALIDATE_PRODUCT = YES;
			};
			name = Release;
		};
		FAAFE02C19F3E4160049E72F /* Debug */ = {
			isa = XCBuildConfiguration;
			buildSettings = {
				ASSETCATALOG_COMPILER_APPICON_NAME = AppIcon;
				INFOPLIST_FILE = RepositoryBrowser/Info.plist;
				LD_RUNPATH_SEARCH_PATHS = "$(inherited) @executable_path/Frameworks";
				PRODUCT_BUNDLE_IDENTIFIER = "com.packtpub.swift.essentials.$(PRODUCT_NAME:rfc1034identifier)";
				PRODUCT_NAME = "$(TARGET_NAME)";
			};
			name = Debug;
		};
		FAAFE02D19F3E4160049E72F /* Release */ = {
			isa = XCBuildConfiguration;
			buildSettings = {
				ASSETCATALOG_COMPILER_APPICON_NAME = AppIcon;
				INFOPLIST_FILE = RepositoryBrowser/Info.plist;
				LD_RUNPATH_SEARCH_PATHS = "$(inherited) @executable_path/Frameworks";
				PRODUCT_BUNDLE_IDENTIFIER = "com.packtpub.swift.essentials.$(PRODUCT_NAME:rfc1034identifier)";
				PRODUCT_NAME = "$(TARGET_NAME)";
			};
			name = Release;
		};
		FAAFE02F19F3E4160049E72F /* Debug */ = {
			isa = XCBuildConfiguration;
			buildSettings = {
				BUNDLE_LOADER = "$(TEST_HOST)";
				GCC_PREPROCESSOR_DEFINITIONS = (
					"DEBUG=1",
					"$(inherited)",
				);
				INFOPLIST_FILE = RepositoryBrowserTests/Info.plist;
				LD_RUNPATH_SEARCH_PATHS = "$(inherited) @executable_path/Frameworks @loader_path/Frameworks";
				PRODUCT_BUNDLE_IDENTIFIER = "com.packtpub.swift.essentials.$(PRODUCT_NAME:rfc1034identifier)";
				PRODUCT_NAME = "$(TARGET_NAME)";
				TEST_HOST = "$(BUILT_PRODUCTS_DIR)/RepositoryBrowser.app/RepositoryBrowser";
			};
			name = Debug;
		};
		FAAFE03019F3E4160049E72F /* Release */ = {
			isa = XCBuildConfiguration;
			buildSettings = {
				BUNDLE_LOADER = "$(TEST_HOST)";
				INFOPLIST_FILE = RepositoryBrowserTests/Info.plist;
				LD_RUNPATH_SEARCH_PATHS = "$(inherited) @executable_path/Frameworks @loader_path/Frameworks";
				PRODUCT_BUNDLE_IDENTIFIER = "com.packtpub.swift.essentials.$(PRODUCT_NAME:rfc1034identifier)";
				PRODUCT_NAME = "$(TARGET_NAME)";
				TEST_HOST = "$(BUILT_PRODUCTS_DIR)/RepositoryBrowser.app/RepositoryBrowser";
			};
			name = Release;
		};
/* End XCBuildConfiguration section */

/* Begin XCConfigurationList section */
		FA0A21501C3B237F0031E1FB /* Build configuration list for PBXNativeTarget "RepositoryBrowserWatch Extension" */ = {
			isa = XCConfigurationList;
			buildConfigurations = (
				FA0A214E1C3B237F0031E1FB /* Debug */,
				FA0A214F1C3B237F0031E1FB /* Release */,
			);
			defaultConfigurationIsVisible = 0;
			defaultConfigurationName = Release;
		};
		FA0A21521C3B237F0031E1FB /* Build configuration list for PBXNativeTarget "RepositoryBrowserWatch" */ = {
			isa = XCConfigurationList;
			buildConfigurations = (
				FA0A214C1C3B237F0031E1FB /* Debug */,
				FA0A214D1C3B237F0031E1FB /* Release */,
			);
			defaultConfigurationIsVisible = 0;
			defaultConfigurationName = Release;
		};
		FAAFE00519F3E4150049E72F /* Build configuration list for PBXProject "RepositoryBrowser" */ = {
			isa = XCConfigurationList;
			buildConfigurations = (
				FAAFE02919F3E4160049E72F /* Debug */,
				FAAFE02A19F3E4160049E72F /* Release */,
			);
			defaultConfigurationIsVisible = 0;
			defaultConfigurationName = Release;
		};
		FAAFE02B19F3E4160049E72F /* Build configuration list for PBXNativeTarget "RepositoryBrowser" */ = {
			isa = XCConfigurationList;
			buildConfigurations = (
				FAAFE02C19F3E4160049E72F /* Debug */,
				FAAFE02D19F3E4160049E72F /* Release */,
			);
			defaultConfigurationIsVisible = 0;
			defaultConfigurationName = Release;
		};
		FAAFE02E19F3E4160049E72F /* Build configuration list for PBXNativeTarget "RepositoryBrowserTests" */ = {
			isa = XCConfigurationList;
			buildConfigurations = (
				FAAFE02F19F3E4160049E72F /* Debug */,
				FAAFE03019F3E4160049E72F /* Release */,
			);
			defaultConfigurationIsVisible = 0;
			defaultConfigurationName = Release;
		};
/* End XCConfigurationList section */
	};
	rootObject = FAAFE00219F3E4150049E72F /* Project object */;
}
