// !$*UTF8*$!
{
	archiveVersion = 1;
	classes = {
	};
	objectVersion = 46;
	objects = {

/* Begin PBXBuildFile section */
		FA1CB6CA19D4B5C3006300F7 /* SquaresView.swift in Sources */ = {isa = PBXBuildFile; fileRef = FA1CB6C919D4B5C3006300F7 /* SquaresView.swift */; };
		FA1CB6CC19D4CB8A006300F7 /* ProgressView.swift in Sources */ = {isa = PBXBuildFile; fileRef = FA1CB6CB19D4CB8A006300F7 /* ProgressView.swift */; };
		FA37A64819EA0511009993A0 /* StreamExtensions.swift in Sources */ = {isa = PBXBuildFile; fileRef = FA37A64719EA0511009993A0 /* StreamExtensions.swift */; };
		FA37A64A19EA0C27009993A0 /* Extensions.swift in Sources */ = {isa = PBXBuildFile; fileRef = FA37A64919EA0C27009993A0 /* Extensions.swift */; };
		FA37A65219EA10E2009993A0 /* PacketLineExtensions.swift in Sources */ = {isa = PBXBuildFile; fileRef = FA37A65119EA10E2009993A0 /* PacketLineExtensions.swift */; };
		FA37A65419EA1508009993A0 /* RemoteGitRepository.swift in Sources */ = {isa = PBXBuildFile; fileRef = FA37A65319EA1508009993A0 /* RemoteGitRepository.swift */; };
		FA46C78319CF1764004F456E /* AppDelegate.swift in Sources */ = {isa = PBXBuildFile; fileRef = FA46C78219CF1764004F456E /* AppDelegate.swift */; };
		FA46C78A19CF1764004F456E /* Main.storyboard in Resources */ = {isa = PBXBuildFile; fileRef = FA46C78819CF1764004F456E /* Main.storyboard */; };
		FA46C78C19CF1764004F456E /* Images.xcassets in Resources */ = {isa = PBXBuildFile; fileRef = FA46C78B19CF1764004F456E /* Images.xcassets */; };
		FA46C78F19CF1764004F456E /* LaunchScreen.xib in Resources */ = {isa = PBXBuildFile; fileRef = FA46C78D19CF1764004F456E /* LaunchScreen.xib */; };
		FA46C79B19CF1764004F456E /* CustomViewsTests.swift in Sources */ = {isa = PBXBuildFile; fileRef = FA46C79A19CF1764004F456E /* CustomViewsTests.swift */; };
		FA46C89B19CF921A004F456E /* SampleTable.swift in Sources */ = {isa = PBXBuildFile; fileRef = FA46C89A19CF921A004F456E /* SampleTable.swift */; };
		FA46C89D19D0DA10004F456E /* CounterView.xib in Resources */ = {isa = PBXBuildFile; fileRef = FA46C89C19D0DA10004F456E /* CounterView.xib */; };
		FA46C89F19D0E22C004F456E /* CounterView.swift in Sources */ = {isa = PBXBuildFile; fileRef = FA46C89E19D0E22C004F456E /* CounterView.swift */; };
		FA4DDCF719EB34AD008E7713 /* PacketLineParser.swift in Sources */ = {isa = PBXBuildFile; fileRef = FA4DDCF619EB34AD008E7713 /* PacketLineParser.swift */; };
		FA6413E819D3766400CBC5E9 /* TwoLabels.swift in Sources */ = {isa = PBXBuildFile; fileRef = FA6413E719D3766400CBC5E9 /* TwoLabels.swift */; };
		FAE2876519E6000300F3EBAA /* FeedParser.swift in Sources */ = {isa = PBXBuildFile; fileRef = FAE2876419E6000300F3EBAA /* FeedParser.swift */; };
/* End PBXBuildFile section */

/* Begin PBXContainerItemProxy section */
		FA46C79519CF1764004F456E /* PBXContainerItemProxy */ = {
			isa = PBXContainerItemProxy;
			containerPortal = FA46C77519CF1764004F456E /* Project object */;
			proxyType = 1;
			remoteGlobalIDString = FA46C77C19CF1764004F456E;
			remoteInfo = CustomViews;
		};
/* End PBXContainerItemProxy section */

/* Begin PBXFileReference section */
		FA1CB6C919D4B5C3006300F7 /* SquaresView.swift */ = {isa = PBXFileReference; fileEncoding = 4; lastKnownFileType = sourcecode.swift; path = SquaresView.swift; sourceTree = "<group>"; };
		FA1CB6CB19D4CB8A006300F7 /* ProgressView.swift */ = {isa = PBXFileReference; fileEncoding = 4; lastKnownFileType = sourcecode.swift; path = ProgressView.swift; sourceTree = "<group>"; };
		FA37A64719EA0511009993A0 /* StreamExtensions.swift */ = {isa = PBXFileReference; fileEncoding = 4; lastKnownFileType = sourcecode.swift; path = StreamExtensions.swift; sourceTree = "<group>"; };
		FA37A64919EA0C27009993A0 /* Extensions.swift */ = {isa = PBXFileReference; fileEncoding = 4; lastKnownFileType = sourcecode.swift; path = Extensions.swift; sourceTree = "<group>"; };
		FA37A65119EA10E2009993A0 /* PacketLineExtensions.swift */ = {isa = PBXFileReference; fileEncoding = 4; lastKnownFileType = sourcecode.swift; path = PacketLineExtensions.swift; sourceTree = "<group>"; };
		FA37A65319EA1508009993A0 /* RemoteGitRepository.swift */ = {isa = PBXFileReference; fileEncoding = 4; lastKnownFileType = sourcecode.swift; path = RemoteGitRepository.swift; sourceTree = "<group>"; };
		FA46C77D19CF1764004F456E /* CustomViews.app */ = {isa = PBXFileReference; explicitFileType = wrapper.application; includeInIndex = 0; path = CustomViews.app; sourceTree = BUILT_PRODUCTS_DIR; };
		FA46C78119CF1764004F456E /* Info.plist */ = {isa = PBXFileReference; lastKnownFileType = text.plist.xml; path = Info.plist; sourceTree = "<group>"; };
		FA46C78219CF1764004F456E /* AppDelegate.swift */ = {isa = PBXFileReference; lastKnownFileType = sourcecode.swift; path = AppDelegate.swift; sourceTree = "<group>"; };
		FA46C78919CF1764004F456E /* Base */ = {isa = PBXFileReference; lastKnownFileType = file.storyboard; name = Base; path = Base.lproj/Main.storyboard; sourceTree = "<group>"; };
		FA46C78B19CF1764004F456E /* Images.xcassets */ = {isa = PBXFileReference; lastKnownFileType = folder.assetcatalog; path = Images.xcassets; sourceTree = "<group>"; };
		FA46C78E19CF1764004F456E /* Base */ = {isa = PBXFileReference; lastKnownFileType = file.xib; name = Base; path = Base.lproj/LaunchScreen.xib; sourceTree = "<group>"; };
		FA46C79419CF1764004F456E /* CustomViewsTests.xctest */ = {isa = PBXFileReference; explicitFileType = wrapper.cfbundle; includeInIndex = 0; path = CustomViewsTests.xctest; sourceTree = BUILT_PRODUCTS_DIR; };
		FA46C79919CF1764004F456E /* Info.plist */ = {isa = PBXFileReference; lastKnownFileType = text.plist.xml; path = Info.plist; sourceTree = "<group>"; };
		FA46C79A19CF1764004F456E /* CustomViewsTests.swift */ = {isa = PBXFileReference; lastKnownFileType = sourcecode.swift; path = CustomViewsTests.swift; sourceTree = "<group>"; };
		FA46C89A19CF921A004F456E /* SampleTable.swift */ = {isa = PBXFileReference; fileEncoding = 4; lastKnownFileType = sourcecode.swift; path = SampleTable.swift; sourceTree = "<group>"; };
		FA46C89C19D0DA10004F456E /* CounterView.xib */ = {isa = PBXFileReference; fileEncoding = 4; lastKnownFileType = file.xib; path = CounterView.xib; sourceTree = "<group>"; };
		FA46C89E19D0E22C004F456E /* CounterView.swift */ = {isa = PBXFileReference; fileEncoding = 4; lastKnownFileType = sourcecode.swift; path = CounterView.swift; sourceTree = "<group>"; };
		FA4DDCF619EB34AD008E7713 /* PacketLineParser.swift */ = {isa = PBXFileReference; fileEncoding = 4; lastKnownFileType = sourcecode.swift; path = PacketLineParser.swift; sourceTree = "<group>"; };
		FA6413E719D3766400CBC5E9 /* TwoLabels.swift */ = {isa = PBXFileReference; fileEncoding = 4; lastKnownFileType = sourcecode.swift; path = TwoLabels.swift; sourceTree = "<group>"; };
		FAE2876419E6000300F3EBAA /* FeedParser.swift */ = {isa = PBXFileReference; fileEncoding = 4; lastKnownFileType = sourcecode.swift; path = FeedParser.swift; sourceTree = "<group>"; };
/* End PBXFileReference section */

/* Begin PBXFrameworksBuildPhase section */
		FA46C77A19CF1764004F456E /* Frameworks */ = {
			isa = PBXFrameworksBuildPhase;
			buildActionMask = 2147483647;
			files = (
			);
			runOnlyForDeploymentPostprocessing = 0;
		};
		FA46C79119CF1764004F456E /* Frameworks */ = {
			isa = PBXFrameworksBuildPhase;
			buildActionMask = 2147483647;
			files = (
			);
			runOnlyForDeploymentPostprocessing = 0;
		};
/* End PBXFrameworksBuildPhase section */

/* Begin PBXGroup section */
		FA46C77419CF1764004F456E = {
			isa = PBXGroup;
			children = (
				FA46C77F19CF1764004F456E /* CustomViews */,
				FA46C79719CF1764004F456E /* CustomViewsTests */,
				FA46C77E19CF1764004F456E /* Products */,
			);
			sourceTree = "<group>";
		};
		FA46C77E19CF1764004F456E /* Products */ = {
			isa = PBXGroup;
			children = (
				FA46C77D19CF1764004F456E /* CustomViews.app */,
				FA46C79419CF1764004F456E /* CustomViewsTests.xctest */,
			);
			name = Products;
			sourceTree = "<group>";
		};
		FA46C77F19CF1764004F456E /* CustomViews */ = {
			isa = PBXGroup;
			children = (
				FA46C78219CF1764004F456E /* AppDelegate.swift */,
				FA46C89E19D0E22C004F456E /* CounterView.swift */,
				FA46C89C19D0DA10004F456E /* CounterView.xib */,
				FA37A64919EA0C27009993A0 /* Extensions.swift */,
				FAE2876419E6000300F3EBAA /* FeedParser.swift */,
				FA37A65119EA10E2009993A0 /* PacketLineExtensions.swift */,
				FA46C78B19CF1764004F456E /* Images.xcassets */,
				FA46C78D19CF1764004F456E /* LaunchScreen.xib */,
				FA46C78819CF1764004F456E /* Main.storyboard */,
				FA4DDCF619EB34AD008E7713 /* PacketLineParser.swift */,
				FA1CB6CB19D4CB8A006300F7 /* ProgressView.swift */,
				FA37A65319EA1508009993A0 /* RemoteGitRepository.swift */,
				FA46C89A19CF921A004F456E /* SampleTable.swift */,
				FA1CB6C919D4B5C3006300F7 /* SquaresView.swift */,
				FA37A64719EA0511009993A0 /* StreamExtensions.swift */,
				FA46C78019CF1764004F456E /* Supporting Files */,
				FA6413E719D3766400CBC5E9 /* TwoLabels.swift */,
			);
			path = CustomViews;
			sourceTree = "<group>";
		};
		FA46C78019CF1764004F456E /* Supporting Files */ = {
			isa = PBXGroup;
			children = (
				FA46C78119CF1764004F456E /* Info.plist */,
			);
			name = "Supporting Files";
			sourceTree = "<group>";
		};
		FA46C79719CF1764004F456E /* CustomViewsTests */ = {
			isa = PBXGroup;
			children = (
				FA46C79A19CF1764004F456E /* CustomViewsTests.swift */,
				FA46C79819CF1764004F456E /* Supporting Files */,
			);
			path = CustomViewsTests;
			sourceTree = "<group>";
		};
		FA46C79819CF1764004F456E /* Supporting Files */ = {
			isa = PBXGroup;
			children = (
				FA46C79919CF1764004F456E /* Info.plist */,
			);
			name = "Supporting Files";
			sourceTree = "<group>";
		};
/* End PBXGroup section */

/* Begin PBXNativeTarget section */
		FA46C77C19CF1764004F456E /* CustomViews */ = {
			isa = PBXNativeTarget;
			buildConfigurationList = FA46C79E19CF1764004F456E /* Build configuration list for PBXNativeTarget "CustomViews" */;
			buildPhases = (
				FA46C77919CF1764004F456E /* Sources */,
				FA46C77A19CF1764004F456E /* Frameworks */,
				FA46C77B19CF1764004F456E /* Resources */,
			);
			buildRules = (
			);
			dependencies = (
			);
			name = CustomViews;
			productName = CustomViews;
			productReference = FA46C77D19CF1764004F456E /* CustomViews.app */;
			productType = "com.apple.product-type.application";
		};
		FA46C79319CF1764004F456E /* CustomViewsTests */ = {
			isa = PBXNativeTarget;
			buildConfigurationList = FA46C7A119CF1764004F456E /* Build configuration list for PBXNativeTarget "CustomViewsTests" */;
			buildPhases = (
				FA46C79019CF1764004F456E /* Sources */,
				FA46C79119CF1764004F456E /* Frameworks */,
				FA46C79219CF1764004F456E /* Resources */,
			);
			buildRules = (
			);
			dependencies = (
				FA46C79619CF1764004F456E /* PBXTargetDependency */,
			);
			name = CustomViewsTests;
			productName = CustomViewsTests;
			productReference = FA46C79419CF1764004F456E /* CustomViewsTests.xctest */;
			productType = "com.apple.product-type.bundle.unit-test";
		};
/* End PBXNativeTarget section */

/* Begin PBXProject section */
		FA46C77519CF1764004F456E /* Project object */ = {
			isa = PBXProject;
			attributes = {
				LastUpgradeCheck = 0600;
				ORGANIZATIONNAME = "Alex Blewitt";
				TargetAttributes = {
					FA46C77C19CF1764004F456E = {
						CreatedOnToolsVersion = 6.0;
					};
					FA46C79319CF1764004F456E = {
						CreatedOnToolsVersion = 6.0;
						TestTargetID = FA46C77C19CF1764004F456E;
					};
				};
			};
			buildConfigurationList = FA46C77819CF1764004F456E /* Build configuration list for PBXProject "CustomViews" */;
			compatibilityVersion = "Xcode 3.2";
			developmentRegion = English;
			hasScannedForEncodings = 0;
			knownRegions = (
				en,
				Base,
			);
			mainGroup = FA46C77419CF1764004F456E;
			productRefGroup = FA46C77E19CF1764004F456E /* Products */;
			projectDirPath = "";
			projectRoot = "";
			targets = (
				FA46C77C19CF1764004F456E /* CustomViews */,
				FA46C79319CF1764004F456E /* CustomViewsTests */,
			);
		};
/* End PBXProject section */

/* Begin PBXResourcesBuildPhase section */
		FA46C77B19CF1764004F456E /* Resources */ = {
			isa = PBXResourcesBuildPhase;
			buildActionMask = 2147483647;
			files = (
				FA46C78A19CF1764004F456E /* Main.storyboard in Resources */,
				FA46C78F19CF1764004F456E /* LaunchScreen.xib in Resources */,
				FA46C78C19CF1764004F456E /* Images.xcassets in Resources */,
				FA46C89D19D0DA10004F456E /* CounterView.xib in Resources */,
			);
			runOnlyForDeploymentPostprocessing = 0;
		};
		FA46C79219CF1764004F456E /* Resources */ = {
			isa = PBXResourcesBuildPhase;
			buildActionMask = 2147483647;
			files = (
			);
			runOnlyForDeploymentPostprocessing = 0;
		};
/* End PBXResourcesBuildPhase section */

/* Begin PBXSourcesBuildPhase section */
		FA46C77919CF1764004F456E /* Sources */ = {
			isa = PBXSourcesBuildPhase;
			buildActionMask = 2147483647;
			files = (
				FA46C89B19CF921A004F456E /* SampleTable.swift in Sources */,
				FA37A64A19EA0C27009993A0 /* Extensions.swift in Sources */,
				FA37A65419EA1508009993A0 /* RemoteGitRepository.swift in Sources */,
				FA4DDCF719EB34AD008E7713 /* PacketLineParser.swift in Sources */,
				FA46C78319CF1764004F456E /* AppDelegate.swift in Sources */,
				FA46C89F19D0E22C004F456E /* CounterView.swift in Sources */,
				FAE2876519E6000300F3EBAA /* FeedParser.swift in Sources */,
				FA6413E819D3766400CBC5E9 /* TwoLabels.swift in Sources */,
				FA37A64819EA0511009993A0 /* StreamExtensions.swift in Sources */,
				FA37A65219EA10E2009993A0 /* PacketLineExtensions.swift in Sources */,
				FA1CB6CA19D4B5C3006300F7 /* SquaresView.swift in Sources */,
				FA1CB6CC19D4CB8A006300F7 /* ProgressView.swift in Sources */,
			);
			runOnlyForDeploymentPostprocessing = 0;
		};
		FA46C79019CF1764004F456E /* Sources */ = {
			isa = PBXSourcesBuildPhase;
			buildActionMask = 2147483647;
			files = (
				FA46C79B19CF1764004F456E /* CustomViewsTests.swift in Sources */,
			);
			runOnlyForDeploymentPostprocessing = 0;
		};
/* End PBXSourcesBuildPhase section */

/* Begin PBXTargetDependency section */
		FA46C79619CF1764004F456E /* PBXTargetDependency */ = {
			isa = PBXTargetDependency;
			target = FA46C77C19CF1764004F456E /* CustomViews */;
			targetProxy = FA46C79519CF1764004F456E /* PBXContainerItemProxy */;
		};
/* End PBXTargetDependency section */

/* Begin PBXVariantGroup section */
		FA46C78819CF1764004F456E /* Main.storyboard */ = {
			isa = PBXVariantGroup;
			children = (
				FA46C78919CF1764004F456E /* Base */,
			);
			name = Main.storyboard;
			sourceTree = "<group>";
		};
		FA46C78D19CF1764004F456E /* LaunchScreen.xib */ = {
			isa = PBXVariantGroup;
			children = (
				FA46C78E19CF1764004F456E /* Base */,
			);
			name = LaunchScreen.xib;
			sourceTree = "<group>";
		};
/* End PBXVariantGroup section */

/* Begin XCBuildConfiguration section */
		FA46C79C19CF1764004F456E /* Debug */ = {
			isa = XCBuildConfiguration;
			buildSettings = {
				ALWAYS_SEARCH_USER_PATHS = NO;
				CLANG_CXX_LANGUAGE_STANDARD = "gnu++0x";
				CLANG_CXX_LIBRARY = "libc++";
				CLANG_ENABLE_MODULES = YES;
				CLANG_ENABLE_OBJC_ARC = YES;
				CLANG_WARN_BOOL_CONVERSION = YES;
				CLANG_WARN_CONSTANT_CONVERSION = YES;
				CLANG_WARN_DIRECT_OBJC_ISA_USAGE = YES_ERROR;
				CLANG_WARN_EMPTY_BODY = YES;
				CLANG_WARN_ENUM_CONVERSION = YES;
				CLANG_WARN_INT_CONVERSION = YES;
				CLANG_WARN_OBJC_ROOT_CLASS = YES_ERROR;
				CLANG_WARN_UNREACHABLE_CODE = YES;
				CLANG_WARN__DUPLICATE_METHOD_MATCH = YES;
				"CODE_SIGN_IDENTITY[sdk=iphoneos*]" = "iPhone Developer";
				COPY_PHASE_STRIP = NO;
				ENABLE_STRICT_OBJC_MSGSEND = YES;
				GCC_C_LANGUAGE_STANDARD = gnu99;
				GCC_DYNAMIC_NO_PIC = NO;
				GCC_OPTIMIZATION_LEVEL = 0;
				GCC_PREPROCESSOR_DEFINITIONS = (
					"DEBUG=1",
					"$(inherited)",
				);
				GCC_SYMBOLS_PRIVATE_EXTERN = NO;
				GCC_WARN_64_TO_32_BIT_CONVERSION = YES;
				GCC_WARN_ABOUT_RETURN_TYPE = YES_ERROR;
				GCC_WARN_UNDECLARED_SELECTOR = YES;
				GCC_WARN_UNINITIALIZED_AUTOS = YES_AGGRESSIVE;
				GCC_WARN_UNUSED_FUNCTION = YES;
				GCC_WARN_UNUSED_VARIABLE = YES;
				IPHONEOS_DEPLOYMENT_TARGET = 8.0;
				MTL_ENABLE_DEBUG_INFO = YES;
				ONLY_ACTIVE_ARCH = YES;
				SDKROOT = iphoneos;
				SWIFT_OPTIMIZATION_LEVEL = "-Onone";
				TARGETED_DEVICE_FAMILY = "1,2";
			};
			name = Debug;
		};
		FA46C79D19CF1764004F456E /* Release */ = {
			isa = XCBuildConfiguration;
			buildSettings = {
				ALWAYS_SEARCH_USER_PATHS = NO;
				CLANG_CXX_LANGUAGE_STANDARD = "gnu++0x";
				CLANG_CXX_LIBRARY = "libc++";
				CLANG_ENABLE_MODULES = YES;
				CLANG_ENABLE_OBJC_ARC = YES;
				CLANG_WARN_BOOL_CONVERSION = YES;
				CLANG_WARN_CONSTANT_CONVERSION = YES;
				CLANG_WARN_DIRECT_OBJC_ISA_USAGE = YES_ERROR;
				CLANG_WARN_EMPTY_BODY = YES;
				CLANG_WARN_ENUM_CONVERSION = YES;
				CLANG_WARN_INT_CONVERSION = YES;
				CLANG_WARN_OBJC_ROOT_CLASS = YES_ERROR;
				CLANG_WARN_UNREACHABLE_CODE = YES;
				CLANG_WARN__DUPLICATE_METHOD_MATCH = YES;
				"CODE_SIGN_IDENTITY[sdk=iphoneos*]" = "iPhone Developer";
				COPY_PHASE_STRIP = YES;
				ENABLE_NS_ASSERTIONS = NO;
				ENABLE_STRICT_OBJC_MSGSEND = YES;
				GCC_C_LANGUAGE_STANDARD = gnu99;
				GCC_WARN_64_TO_32_BIT_CONVERSION = YES;
				GCC_WARN_ABOUT_RETURN_TYPE = YES_ERROR;
				GCC_WARN_UNDECLARED_SELECTOR = YES;
				GCC_WARN_UNINITIALIZED_AUTOS = YES_AGGRESSIVE;
				GCC_WARN_UNUSED_FUNCTION = YES;
				GCC_WARN_UNUSED_VARIABLE = YES;
				IPHONEOS_DEPLOYMENT_TARGET = 8.0;
				MTL_ENABLE_DEBUG_INFO = NO;
				SDKROOT = iphoneos;
				TARGETED_DEVICE_FAMILY = "1,2";
				VALIDATE_PRODUCT = YES;
			};
			name = Release;
		};
		FA46C79F19CF1764004F456E /* Debug */ = {
			isa = XCBuildConfiguration;
			buildSettings = {
				ASSETCATALOG_COMPILER_APPICON_NAME = AppIcon;
				INFOPLIST_FILE = CustomViews/Info.plist;
				LD_RUNPATH_SEARCH_PATHS = "$(inherited) @executable_path/Frameworks";
				PRODUCT_NAME = "$(TARGET_NAME)";
			};
			name = Debug;
		};
		FA46C7A019CF1764004F456E /* Release */ = {
			isa = XCBuildConfiguration;
			buildSettings = {
				ASSETCATALOG_COMPILER_APPICON_NAME = AppIcon;
				INFOPLIST_FILE = CustomViews/Info.plist;
				LD_RUNPATH_SEARCH_PATHS = "$(inherited) @executable_path/Frameworks";
				PRODUCT_NAME = "$(TARGET_NAME)";
			};
			name = Release;
		};
		FA46C7A219CF1764004F456E /* Debug */ = {
			isa = XCBuildConfiguration;
			buildSettings = {
				BUNDLE_LOADER = "$(TEST_HOST)";
				FRAMEWORK_SEARCH_PATHS = (
					"$(SDKROOT)/Developer/Library/Frameworks",
					"$(inherited)",
				);
				GCC_PREPROCESSOR_DEFINITIONS = (
					"DEBUG=1",
					"$(inherited)",
				);
				INFOPLIST_FILE = CustomViewsTests/Info.plist;
				LD_RUNPATH_SEARCH_PATHS = "$(inherited) @executable_path/Frameworks @loader_path/Frameworks";
				PRODUCT_NAME = "$(TARGET_NAME)";
				TEST_HOST = "$(BUILT_PRODUCTS_DIR)/CustomViews.app/CustomViews";
			};
			name = Debug;
		};
		FA46C7A319CF1764004F456E /* Release */ = {
			isa = XCBuildConfiguration;
			buildSettings = {
				BUNDLE_LOADER = "$(TEST_HOST)";
				FRAMEWORK_SEARCH_PATHS = (
					"$(SDKROOT)/Developer/Library/Frameworks",
					"$(inherited)",
				);
				INFOPLIST_FILE = CustomViewsTests/Info.plist;
				LD_RUNPATH_SEARCH_PATHS = "$(inherited) @executable_path/Frameworks @loader_path/Frameworks";
				PRODUCT_NAME = "$(TARGET_NAME)";
				TEST_HOST = "$(BUILT_PRODUCTS_DIR)/CustomViews.app/CustomViews";
			};
			name = Release;
		};
/* End XCBuildConfiguration section */

/* Begin XCConfigurationList section */
		FA46C77819CF1764004F456E /* Build configuration list for PBXProject "CustomViews" */ = {
			isa = XCConfigurationList;
			buildConfigurations = (
				FA46C79C19CF1764004F456E /* Debug */,
				FA46C79D19CF1764004F456E /* Release */,
			);
			defaultConfigurationIsVisible = 0;
			defaultConfigurationName = Release;
		};
		FA46C79E19CF1764004F456E /* Build configuration list for PBXNativeTarget "CustomViews" */ = {
			isa = XCConfigurationList;
			buildConfigurations = (
				FA46C79F19CF1764004F456E /* Debug */,
				FA46C7A019CF1764004F456E /* Release */,
			);
			defaultConfigurationIsVisible = 0;
			defaultConfigurationName = Release;
		};
		FA46C7A119CF1764004F456E /* Build configuration list for PBXNativeTarget "CustomViewsTests" */ = {
			isa = XCConfigurationList;
			buildConfigurations = (
				FA46C7A219CF1764004F456E /* Debug */,
				FA46C7A319CF1764004F456E /* Release */,
			);
			defaultConfigurationIsVisible = 0;
			defaultConfigurationName = Release;
		};
/* End XCConfigurationList section */
	};
	rootObject = FA46C77519CF1764004F456E /* Project object */;
}
